// !$*UTF8*$!
{
	archiveVersion = 1;
	classes = {
	};
	objectVersion = 48;
	objects = {

/* Begin PBXBuildFile section */
		53DC5DDEA6A8C702D2E2CB87 /* Pods_Workout.framework in Frameworks */ = {isa = PBXBuildFile; fileRef = A35964BB8F1BEEBCE797A684 /* Pods_Workout.framework */; };
		B9DA807923E646D9004BBC4A /* Network.swift in Sources */ = {isa = PBXBuildFile; fileRef = B9DA807823E646D9004BBC4A /* Network.swift */; };
		B9DA807D23E77064004BBC4A /* Config.swift in Sources */ = {isa = PBXBuildFile; fileRef = B9DA807C23E77064004BBC4A /* Config.swift */; };
		B9DA807F23E77438004BBC4A /* Render.swift in Sources */ = {isa = PBXBuildFile; fileRef = B9DA807E23E77438004BBC4A /* Render.swift */; };
		B9DA808123E77C68004BBC4A /* Index.swift in Sources */ = {isa = PBXBuildFile; fileRef = B9DA808023E77C68004BBC4A /* Index.swift */; };
		B9F7B22D23790F0B0027F785 /* AppDelegate.swift in Sources */ = {isa = PBXBuildFile; fileRef = B9F7B22C23790F0B0027F785 /* AppDelegate.swift */; };
		B9F7B22F23790F0B0027F785 /* StartVC.swift in Sources */ = {isa = PBXBuildFile; fileRef = B9F7B22E23790F0B0027F785 /* StartVC.swift */; };
		B9F7B23223790F0B0027F785 /* Main.storyboard in Resources */ = {isa = PBXBuildFile; fileRef = B9F7B23023790F0B0027F785 /* Main.storyboard */; };
		B9F7B23423790F0B0027F785 /* Assets.xcassets in Resources */ = {isa = PBXBuildFile; fileRef = B9F7B23323790F0B0027F785 /* Assets.xcassets */; };
		B9F7B23723790F0B0027F785 /* LaunchScreen.storyboard in Resources */ = {isa = PBXBuildFile; fileRef = B9F7B23523790F0B0027F785 /* LaunchScreen.storyboard */; };
		B9F7B243237911E00027F785 /* Workout.swift in Sources */ = {isa = PBXBuildFile; fileRef = B9F7B242237911E00027F785 /* Workout.swift */; };
		B9F7B24723791C230027F785 /* ExerciseVC.swift in Sources */ = {isa = PBXBuildFile; fileRef = B9F7B24623791C230027F785 /* ExerciseVC.swift */; };
		B9F7B249237B8A340027F785 /* Exercise.swift in Sources */ = {isa = PBXBuildFile; fileRef = B9F7B248237B8A340027F785 /* Exercise.swift */; };
		B9F7B24B237B995A0027F785 /* RestVC.swift in Sources */ = {isa = PBXBuildFile; fileRef = B9F7B24A237B995A0027F785 /* RestVC.swift */; };
/* End PBXBuildFile section */

/* Begin PBXFileReference section */
		3391A6477A499ABBB27CCD1F /* Pods-Workout.debug.xcconfig */ = {isa = PBXFileReference; includeInIndex = 1; lastKnownFileType = text.xcconfig; name = "Pods-Workout.debug.xcconfig"; path = "Target Support Files/Pods-Workout/Pods-Workout.debug.xcconfig"; sourceTree = "<group>"; };
		51A2390B2BEADAF3EBE5D421 /* Pods-Workout.release.xcconfig */ = {isa = PBXFileReference; includeInIndex = 1; lastKnownFileType = text.xcconfig; name = "Pods-Workout.release.xcconfig"; path = "Target Support Files/Pods-Workout/Pods-Workout.release.xcconfig"; sourceTree = "<group>"; };
		A35964BB8F1BEEBCE797A684 /* Pods_Workout.framework */ = {isa = PBXFileReference; explicitFileType = wrapper.framework; includeInIndex = 0; path = Pods_Workout.framework; sourceTree = BUILT_PRODUCTS_DIR; };
		B9DA807823E646D9004BBC4A /* Network.swift */ = {isa = PBXFileReference; lastKnownFileType = sourcecode.swift; path = Network.swift; sourceTree = "<group>"; };
		B9DA807C23E77064004BBC4A /* Config.swift */ = {isa = PBXFileReference; lastKnownFileType = sourcecode.swift; path = Config.swift; sourceTree = "<group>"; };
		B9DA807E23E77438004BBC4A /* Render.swift */ = {isa = PBXFileReference; lastKnownFileType = sourcecode.swift; path = Render.swift; sourceTree = "<group>"; };
		B9DA808023E77C68004BBC4A /* Index.swift */ = {isa = PBXFileReference; lastKnownFileType = sourcecode.swift; path = Index.swift; sourceTree = "<group>"; };
		B9F7B22923790F0B0027F785 /* Workout.app */ = {isa = PBXFileReference; explicitFileType = wrapper.application; includeInIndex = 0; path = Workout.app; sourceTree = BUILT_PRODUCTS_DIR; };
		B9F7B22C23790F0B0027F785 /* AppDelegate.swift */ = {isa = PBXFileReference; lastKnownFileType = sourcecode.swift; path = AppDelegate.swift; sourceTree = "<group>"; };
		B9F7B22E23790F0B0027F785 /* StartVC.swift */ = {isa = PBXFileReference; lastKnownFileType = sourcecode.swift; path = StartVC.swift; sourceTree = "<group>"; };
		B9F7B23123790F0B0027F785 /* Base */ = {isa = PBXFileReference; lastKnownFileType = file.storyboard; name = Base; path = Base.lproj/Main.storyboard; sourceTree = "<group>"; };
		B9F7B23323790F0B0027F785 /* Assets.xcassets */ = {isa = PBXFileReference; lastKnownFileType = folder.assetcatalog; path = Assets.xcassets; sourceTree = "<group>"; };
		B9F7B23623790F0B0027F785 /* Base */ = {isa = PBXFileReference; lastKnownFileType = file.storyboard; name = Base; path = Base.lproj/LaunchScreen.storyboard; sourceTree = "<group>"; };
		B9F7B23823790F0B0027F785 /* Info.plist */ = {isa = PBXFileReference; lastKnownFileType = text.plist.xml; path = Info.plist; sourceTree = "<group>"; };
		B9F7B242237911E00027F785 /* Workout.swift */ = {isa = PBXFileReference; lastKnownFileType = sourcecode.swift; path = Workout.swift; sourceTree = "<group>"; };
		B9F7B24623791C230027F785 /* ExerciseVC.swift */ = {isa = PBXFileReference; lastKnownFileType = sourcecode.swift; path = ExerciseVC.swift; sourceTree = "<group>"; };
		B9F7B248237B8A340027F785 /* Exercise.swift */ = {isa = PBXFileReference; lastKnownFileType = sourcecode.swift; path = Exercise.swift; sourceTree = "<group>"; };
		B9F7B24A237B995A0027F785 /* RestVC.swift */ = {isa = PBXFileReference; lastKnownFileType = sourcecode.swift; path = RestVC.swift; sourceTree = "<group>"; };
/* End PBXFileReference section */

/* Begin PBXFrameworksBuildPhase section */
		B9F7B22623790F0A0027F785 /* Frameworks */ = {
			isa = PBXFrameworksBuildPhase;
			buildActionMask = 2147483647;
			files = (
				53DC5DDEA6A8C702D2E2CB87 /* Pods_Workout.framework in Frameworks */,
			);
			runOnlyForDeploymentPostprocessing = 0;
		};
/* End PBXFrameworksBuildPhase section */

/* Begin PBXGroup section */
		284C10D30616F30445CEAD77 /* Frameworks */ = {
			isa = PBXGroup;
			children = (
				A35964BB8F1BEEBCE797A684 /* Pods_Workout.framework */,
			);
			name = Frameworks;
			sourceTree = "<group>";
		};
		849BDAAB81FDC5E2FE9B46C9 /* Pods */ = {
			isa = PBXGroup;
			children = (
				3391A6477A499ABBB27CCD1F /* Pods-Workout.debug.xcconfig */,
				51A2390B2BEADAF3EBE5D421 /* Pods-Workout.release.xcconfig */,
			);
			path = Pods;
			sourceTree = "<group>";
		};
		B9F7B22023790F0A0027F785 = {
			isa = PBXGroup;
			children = (
				B9F7B22B23790F0B0027F785 /* Workout */,
				B9F7B22A23790F0B0027F785 /* Products */,
				849BDAAB81FDC5E2FE9B46C9 /* Pods */,
				284C10D30616F30445CEAD77 /* Frameworks */,
			);
			sourceTree = "<group>";
		};
		B9F7B22A23790F0B0027F785 /* Products */ = {
			isa = PBXGroup;
			children = (
				B9F7B22923790F0B0027F785 /* Workout.app */,
			);
			name = Products;
			sourceTree = "<group>";
		};
		B9F7B22B23790F0B0027F785 /* Workout */ = {
			isa = PBXGroup;
			children = (
				B9F7B241237911AA0027F785 /* Model */,
				B9F7B23F23790F440027F785 /* Resources */,
				B9F7B244237912340027F785 /* Controller */,
				B9F7B2452379124A0027F785 /* View */,
			);
			path = Workout;
			sourceTree = "<group>";
		};
		B9F7B23F23790F440027F785 /* Resources */ = {
			isa = PBXGroup;
			children = (
				B9F7B22C23790F0B0027F785 /* AppDelegate.swift */,
				B9F7B23323790F0B0027F785 /* Assets.xcassets */,
				B9F7B23823790F0B0027F785 /* Info.plist */,
			);
			path = Resources;
			sourceTree = "<group>";
		};
		B9F7B241237911AA0027F785 /* Model */ = {
			isa = PBXGroup;
			children = (
				B9F7B242237911E00027F785 /* Workout.swift */,
				B9F7B248237B8A340027F785 /* Exercise.swift */,
				B9DA807823E646D9004BBC4A /* Network.swift */,
				B9DA807C23E77064004BBC4A /* Config.swift */,
				B9DA807E23E77438004BBC4A /* Render.swift */,
				B9DA808023E77C68004BBC4A /* Index.swift */,
			);
			path = Model;
			sourceTree = "<group>";
		};
		B9F7B244237912340027F785 /* Controller */ = {
			isa = PBXGroup;
			children = (
				B9F7B22E23790F0B0027F785 /* StartVC.swift */,
				B9F7B24623791C230027F785 /* ExerciseVC.swift */,
				B9F7B24A237B995A0027F785 /* RestVC.swift */,
			);
			path = Controller;
			sourceTree = "<group>";
		};
		B9F7B2452379124A0027F785 /* View */ = {
			isa = PBXGroup;
			children = (
				B9F7B23023790F0B0027F785 /* Main.storyboard */,
				B9F7B23523790F0B0027F785 /* LaunchScreen.storyboard */,
			);
			path = View;
			sourceTree = "<group>";
		};
/* End PBXGroup section */

/* Begin PBXNativeTarget section */
		B9F7B22823790F0A0027F785 /* Workout */ = {
			isa = PBXNativeTarget;
			buildConfigurationList = B9F7B23B23790F0B0027F785 /* Build configuration list for PBXNativeTarget "Workout" */;
			buildPhases = (
				82EC4EF76B1D4FC41B47E9EE /* [CP] Check Pods Manifest.lock */,
				B9F7B22523790F0A0027F785 /* Sources */,
				B9F7B22623790F0A0027F785 /* Frameworks */,
				B9F7B22723790F0A0027F785 /* Resources */,
				E92466ECB70C1560F1ECDFA0 /* [CP] Embed Pods Frameworks */,
			);
			buildRules = (
			);
			dependencies = (
			);
			name = Workout;
			productName = Workout;
			productReference = B9F7B22923790F0B0027F785 /* Workout.app */;
			productType = "com.apple.product-type.application";
		};
/* End PBXNativeTarget section */

/* Begin PBXProject section */
		B9F7B22123790F0A0027F785 /* Project object */ = {
			isa = PBXProject;
			attributes = {
				LastSwiftUpdateCheck = 0920;
				LastUpgradeCheck = 1120;
				ORGANIZATIONNAME = larioj;
				TargetAttributes = {
					B9F7B22823790F0A0027F785 = {
						CreatedOnToolsVersion = 9.2;
						LastSwiftMigration = 1120;
						ProvisioningStyle = Automatic;
						SystemCapabilities = {
							com.apple.BackgroundModes = {
								enabled = 1;
							};
						};
					};
				};
			};
			buildConfigurationList = B9F7B22423790F0A0027F785 /* Build configuration list for PBXProject "Workout" */;
			compatibilityVersion = "Xcode 8.0";
			developmentRegion = en;
			hasScannedForEncodings = 0;
			knownRegions = (
				en,
				Base,
			);
			mainGroup = B9F7B22023790F0A0027F785;
			productRefGroup = B9F7B22A23790F0B0027F785 /* Products */;
			projectDirPath = "";
			projectRoot = "";
			targets = (
				B9F7B22823790F0A0027F785 /* Workout */,
			);
		};
/* End PBXProject section */

/* Begin PBXResourcesBuildPhase section */
		B9F7B22723790F0A0027F785 /* Resources */ = {
			isa = PBXResourcesBuildPhase;
			buildActionMask = 2147483647;
			files = (
				B9F7B23723790F0B0027F785 /* LaunchScreen.storyboard in Resources */,
				B9F7B23423790F0B0027F785 /* Assets.xcassets in Resources */,
				B9F7B23223790F0B0027F785 /* Main.storyboard in Resources */,
			);
			runOnlyForDeploymentPostprocessing = 0;
		};
/* End PBXResourcesBuildPhase section */

/* Begin PBXShellScriptBuildPhase section */
		82EC4EF76B1D4FC41B47E9EE /* [CP] Check Pods Manifest.lock */ = {
			isa = PBXShellScriptBuildPhase;
			buildActionMask = 2147483647;
			files = (
			);
			inputFileListPaths = (
			);
			inputPaths = (
				"${PODS_PODFILE_DIR_PATH}/Podfile.lock",
				"${PODS_ROOT}/Manifest.lock",
			);
			name = "[CP] Check Pods Manifest.lock";
			outputFileListPaths = (
			);
			outputPaths = (
				"$(DERIVED_FILE_DIR)/Pods-Workout-checkManifestLockResult.txt",
			);
			runOnlyForDeploymentPostprocessing = 0;
			shellPath = /bin/sh;
			shellScript = "diff \"${PODS_PODFILE_DIR_PATH}/Podfile.lock\" \"${PODS_ROOT}/Manifest.lock\" > /dev/null\nif [ $? != 0 ] ; then\n    # print error to STDERR\n    echo \"error: The sandbox is not in sync with the Podfile.lock. Run 'pod install' or update your CocoaPods installation.\" >&2\n    exit 1\nfi\n# This output is used by Xcode 'outputs' to avoid re-running this script phase.\necho \"SUCCESS\" > \"${SCRIPT_OUTPUT_FILE_0}\"\n";
			showEnvVarsInLog = 0;
		};
		E92466ECB70C1560F1ECDFA0 /* [CP] Embed Pods Frameworks */ = {
			isa = PBXShellScriptBuildPhase;
			buildActionMask = 2147483647;
			files = (
			);
			inputPaths = (
				"${PODS_ROOT}/Target Support Files/Pods-Workout/Pods-Workout-frameworks.sh",
				"${BUILT_PRODUCTS_DIR}/SwiftCSV/SwiftCSV.framework",
			);
			name = "[CP] Embed Pods Frameworks";
			outputPaths = (
				"${TARGET_BUILD_DIR}/${FRAMEWORKS_FOLDER_PATH}/SwiftCSV.framework",
			);
			runOnlyForDeploymentPostprocessing = 0;
			shellPath = /bin/sh;
			shellScript = "\"${PODS_ROOT}/Target Support Files/Pods-Workout/Pods-Workout-frameworks.sh\"\n";
			showEnvVarsInLog = 0;
		};
/* End PBXShellScriptBuildPhase section */

/* Begin PBXSourcesBuildPhase section */
		B9F7B22523790F0A0027F785 /* Sources */ = {
			isa = PBXSourcesBuildPhase;
			buildActionMask = 2147483647;
			files = (
				B9F7B249237B8A340027F785 /* Exercise.swift in Sources */,
				B9F7B24723791C230027F785 /* ExerciseVC.swift in Sources */,
				B9F7B22F23790F0B0027F785 /* StartVC.swift in Sources */,
				B9F7B22D23790F0B0027F785 /* AppDelegate.swift in Sources */,
				B9DA808123E77C68004BBC4A /* Index.swift in Sources */,
				B9F7B24B237B995A0027F785 /* RestVC.swift in Sources */,
				B9DA807D23E77064004BBC4A /* Config.swift in Sources */,
				B9DA807923E646D9004BBC4A /* Network.swift in Sources */,
				B9F7B243237911E00027F785 /* Workout.swift in Sources */,
				B9DA807F23E77438004BBC4A /* Render.swift in Sources */,
			);
			runOnlyForDeploymentPostprocessing = 0;
		};
/* End PBXSourcesBuildPhase section */

/* Begin PBXVariantGroup section */
		B9F7B23023790F0B0027F785 /* Main.storyboard */ = {
			isa = PBXVariantGroup;
			children = (
				B9F7B23123790F0B0027F785 /* Base */,
			);
			name = Main.storyboard;
			sourceTree = "<group>";
		};
		B9F7B23523790F0B0027F785 /* LaunchScreen.storyboard */ = {
			isa = PBXVariantGroup;
			children = (
				B9F7B23623790F0B0027F785 /* Base */,
			);
			name = LaunchScreen.storyboard;
			sourceTree = "<group>";
		};
/* End PBXVariantGroup section */

/* Begin XCBuildConfiguration section */
		B9F7B23923790F0B0027F785 /* Debug */ = {
			isa = XCBuildConfiguration;
			buildSettings = {
				ALWAYS_SEARCH_USER_PATHS = NO;
				CLANG_ANALYZER_NONNULL = YES;
				CLANG_ANALYZER_NUMBER_OBJECT_CONVERSION = YES_AGGRESSIVE;
				CLANG_CXX_LANGUAGE_STANDARD = "gnu++14";
				CLANG_CXX_LIBRARY = "libc++";
				CLANG_ENABLE_MODULES = YES;
				CLANG_ENABLE_OBJC_ARC = YES;
				CLANG_WARN_BLOCK_CAPTURE_AUTORELEASING = YES;
				CLANG_WARN_BOOL_CONVERSION = YES;
				CLANG_WARN_COMMA = YES;
				CLANG_WARN_CONSTANT_CONVERSION = YES;
				CLANG_WARN_DEPRECATED_OBJC_IMPLEMENTATIONS = YES;
				CLANG_WARN_DIRECT_OBJC_ISA_USAGE = YES_ERROR;
				CLANG_WARN_DOCUMENTATION_COMMENTS = YES;
				CLANG_WARN_EMPTY_BODY = YES;
				CLANG_WARN_ENUM_CONVERSION = YES;
				CLANG_WARN_INFINITE_RECURSION = YES;
				CLANG_WARN_INT_CONVERSION = YES;
				CLANG_WARN_NON_LITERAL_NULL_CONVERSION = YES;
				CLANG_WARN_OBJC_IMPLICIT_RETAIN_SELF = YES;
				CLANG_WARN_OBJC_LITERAL_CONVERSION = YES;
				CLANG_WARN_OBJC_ROOT_CLASS = YES_ERROR;
				CLANG_WARN_RANGE_LOOP_ANALYSIS = YES;
				CLANG_WARN_STRICT_PROTOTYPES = YES;
				CLANG_WARN_SUSPICIOUS_MOVE = YES;
				CLANG_WARN_UNGUARDED_AVAILABILITY = YES_AGGRESSIVE;
				CLANG_WARN_UNREACHABLE_CODE = YES;
				CLANG_WARN__DUPLICATE_METHOD_MATCH = YES;
				CODE_SIGN_IDENTITY = "iPhone Developer";
				COPY_PHASE_STRIP = NO;
				DEBUG_INFORMATION_FORMAT = dwarf;
				DEVELOPMENT_TEAM = U29SNA97B7;
				ENABLE_STRICT_OBJC_MSGSEND = YES;
				ENABLE_TESTABILITY = YES;
				GCC_C_LANGUAGE_STANDARD = gnu11;
				GCC_DYNAMIC_NO_PIC = NO;
				GCC_NO_COMMON_BLOCKS = YES;
				GCC_OPTIMIZATION_LEVEL = 0;
				GCC_PREPROCESSOR_DEFINITIONS = (
					"DEBUG=1",
					"$(inherited)",
				);
				GCC_WARN_64_TO_32_BIT_CONVERSION = YES;
				GCC_WARN_ABOUT_RETURN_TYPE = YES_ERROR;
				GCC_WARN_UNDECLARED_SELECTOR = YES;
				GCC_WARN_UNINITIALIZED_AUTOS = YES_AGGRESSIVE;
				GCC_WARN_UNUSED_FUNCTION = YES;
				GCC_WARN_UNUSED_VARIABLE = YES;
				IPHONEOS_DEPLOYMENT_TARGET = 11.2;
				MTL_ENABLE_DEBUG_INFO = YES;
				ONLY_ACTIVE_ARCH = YES;
				SDKROOT = iphoneos;
				SWIFT_ACTIVE_COMPILATION_CONDITIONS = DEBUG;
				SWIFT_OPTIMIZATION_LEVEL = "-Onone";
			};
			name = Debug;
		};
		B9F7B23A23790F0B0027F785 /* Release */ = {
			isa = XCBuildConfiguration;
			buildSettings = {
				ALWAYS_SEARCH_USER_PATHS = NO;
				CLANG_ANALYZER_NONNULL = YES;
				CLANG_ANALYZER_NUMBER_OBJECT_CONVERSION = YES_AGGRESSIVE;
				CLANG_CXX_LANGUAGE_STANDARD = "gnu++14";
				CLANG_CXX_LIBRARY = "libc++";
				CLANG_ENABLE_MODULES = YES;
				CLANG_ENABLE_OBJC_ARC = YES;
				CLANG_WARN_BLOCK_CAPTURE_AUTORELEASING = YES;
				CLANG_WARN_BOOL_CONVERSION = YES;
				CLANG_WARN_COMMA = YES;
				CLANG_WARN_CONSTANT_CONVERSION = YES;
				CLANG_WARN_DEPRECATED_OBJC_IMPLEMENTATIONS = YES;
				CLANG_WARN_DIRECT_OBJC_ISA_USAGE = YES_ERROR;
				CLANG_WARN_DOCUMENTATION_COMMENTS = YES;
				CLANG_WARN_EMPTY_BODY = YES;
				CLANG_WARN_ENUM_CONVERSION = YES;
				CLANG_WARN_INFINITE_RECURSION = YES;
				CLANG_WARN_INT_CONVERSION = YES;
				CLANG_WARN_NON_LITERAL_NULL_CONVERSION = YES;
				CLANG_WARN_OBJC_IMPLICIT_RETAIN_SELF = YES;
				CLANG_WARN_OBJC_LITERAL_CONVERSION = YES;
				CLANG_WARN_OBJC_ROOT_CLASS = YES_ERROR;
				CLANG_WARN_RANGE_LOOP_ANALYSIS = YES;
				CLANG_WARN_STRICT_PROTOTYPES = YES;
				CLANG_WARN_SUSPICIOUS_MOVE = YES;
				CLANG_WARN_UNGUARDED_AVAILABILITY = YES_AGGRESSIVE;
				CLANG_WARN_UNREACHABLE_CODE = YES;
				CLANG_WARN__DUPLICATE_METHOD_MATCH = YES;
				CODE_SIGN_IDENTITY = "iPhone Developer";
				COPY_PHASE_STRIP = NO;
				DEBUG_INFORMATION_FORMAT = "dwarf-with-dsym";
				DEVELOPMENT_TEAM = U29SNA97B7;
				ENABLE_NS_ASSERTIONS = NO;
				ENABLE_STRICT_OBJC_MSGSEND = YES;
				GCC_C_LANGUAGE_STANDARD = gnu11;
				GCC_NO_COMMON_BLOCKS = YES;
				GCC_WARN_64_TO_32_BIT_CONVERSION = YES;
				GCC_WARN_ABOUT_RETURN_TYPE = YES_ERROR;
				GCC_WARN_UNDECLARED_SELECTOR = YES;
				GCC_WARN_UNINITIALIZED_AUTOS = YES_AGGRESSIVE;
				GCC_WARN_UNUSED_FUNCTION = YES;
				GCC_WARN_UNUSED_VARIABLE = YES;
				IPHONEOS_DEPLOYMENT_TARGET = 11.2;
				MTL_ENABLE_DEBUG_INFO = NO;
				SDKROOT = iphoneos;
				SWIFT_OPTIMIZATION_LEVEL = "-Owholemodule";
				VALIDATE_PRODUCT = YES;
			};
			name = Release;
		};
		B9F7B23C23790F0B0027F785 /* Debug */ = {
			isa = XCBuildConfiguration;
			baseConfigurationReference = 3391A6477A499ABBB27CCD1F /* Pods-Workout.debug.xcconfig */;
			buildSettings = {
				ASSETCATALOG_COMPILER_APPICON_NAME = AppIcon;
				CODE_SIGN_STYLE = Automatic;
				INFOPLIST_FILE = "$(SRCROOT)/Workout/Resources/Info.plist";
				LD_RUNPATH_SEARCH_PATHS = "$(inherited) @executable_path/Frameworks";
				PRODUCT_BUNDLE_IDENTIFIER = larioj.Workout;
				PRODUCT_NAME = "$(TARGET_NAME)";
				SWIFT_VERSION = 5.0;
				TARGETED_DEVICE_FAMILY = "1,2";
			};
			name = Debug;
		};
		B9F7B23D23790F0B0027F785 /* Release */ = {
			isa = XCBuildConfiguration;
			baseConfigurationReference = 51A2390B2BEADAF3EBE5D421 /* Pods-Workout.release.xcconfig */;
			buildSettings = {
				ASSETCATALOG_COMPILER_APPICON_NAME = AppIcon;
				CODE_SIGN_STYLE = Automatic;
				INFOPLIST_FILE = "$(SRCROOT)/Workout/Resources/Info.plist";
				LD_RUNPATH_SEARCH_PATHS = "$(inherited) @executable_path/Frameworks";
				PRODUCT_BUNDLE_IDENTIFIER = larioj.Workout;
				PRODUCT_NAME = "$(TARGET_NAME)";
				SWIFT_VERSION = 5.0;
				TARGETED_DEVICE_FAMILY = "1,2";
			};
			name = Release;
		};
/* End XCBuildConfiguration section */

/* Begin XCConfigurationList section */
		B9F7B22423790F0A0027F785 /* Build configuration list for PBXProject "Workout" */ = {
			isa = XCConfigurationList;
			buildConfigurations = (
				B9F7B23923790F0B0027F785 /* Debug */,
				B9F7B23A23790F0B0027F785 /* Release */,
			);
			defaultConfigurationIsVisible = 0;
			defaultConfigurationName = Release;
		};
		B9F7B23B23790F0B0027F785 /* Build configuration list for PBXNativeTarget "Workout" */ = {
			isa = XCConfigurationList;
			buildConfigurations = (
				B9F7B23C23790F0B0027F785 /* Debug */,
				B9F7B23D23790F0B0027F785 /* Release */,
			);
			defaultConfigurationIsVisible = 0;
			defaultConfigurationName = Release;
		};
/* End XCConfigurationList section */
	};
	rootObject = B9F7B22123790F0A0027F785 /* Project object */;
}
